
Microsoft Visual Studio Solution File, Format Version 12.00
Project("{FAE04EC0-301F-11D3-BF4B-00C04F79EFBC}") = "Sandbox", "Sandbox\Sandbox.csproj", "{72787778-5296-407C-8159-45FF5A9C8C54}"
EndProject
Project("{FAE04EC0-301F-11D3-BF4B-00C04F79EFBC}") = "SandboxTests", "SandboxTests\SandboxTests.csproj", "{6EC48758-700F-45C8-8702-AC91038A6B9C}"
EndProject
Global
	GlobalSection(SolutionConfigurationPlatforms) = preSolution
		Debug|Any CPU = Debug|Any CPU
		Release|Any CPU = Release|Any CPU
	EndGlobalSection
	GlobalSection(ProjectConfigurationPlatforms) = postSolution
		{72787778-5296-407C-8159-45FF5A9C8C54}.Debug|Any CPU.ActiveCfg = Debug|Any CPU
		{72787778-5296-407C-8159-45FF5A9C8C54}.Debug|Any CPU.Build.0 = Debug|Any CPU
		{72787778-5296-407C-8159-45FF5A9C8C54}.Release|Any CPU.ActiveCfg = Release|Any CPU
		{72787778-5296-407C-8159-45FF5A9C8C54}.Release|Any CPU.Build.0 = Release|Any CPU
		{6EC48758-700F-45C8-8702-AC91038A6B9C}.Debug|Any CPU.ActiveCfg = Debug|Any CPU
		{6EC48758-700F-45C8-8702-AC91038A6B9C}.Debug|Any CPU.Build.0 = Debug|Any CPU
		{6EC48758-700F-45C8-8702-AC91038A6B9C}.Release|Any CPU.ActiveCfg = Release|Any CPU
		{6EC48758-700F-45C8-8702-AC91038A6B9C}.Release|Any CPU.Build.0 = Release|Any CPU
	EndGlobalSection
EndGlobal
